{
  "requires": true,
  "lockfileVersion": 1,
  "dependencies": {
    "mescroll-uni": {
      "version": "1.1.8",
      "resolved": "https://registry.npmjs.org/mescroll-uni/-/mescroll-uni-1.1.8.tgz",
      "integrity": "sha512-l1JJP6NVc5pCkojNWz7U1kcdw7f40ZDS1PGJ8NEI5/TDn22AKahLQJCdKTWwpx+jOZWX+aSiwFsIvcz11cnidQ=="
    },
    "vue-i18n": {
      "version": "8.15.1",
      "resolved": "https://registry.npmjs.org/vue-i18n/-/vue-i18n-8.15.1.tgz",
      "integrity": "sha512-GBbz8qYCu0U2LNu4IcuFLZiuyninG4k26knvhL7GZG5Ncp4RR2VKDEH6g8gQ6I+UUBCvH2MBQVPSdxWe4DBkPw=="
    }
  }
}
